// !$*UTF8*$!
{
	archiveVersion = 1;
	classes = {
	};
	objectVersion = 46;
	objects = {

/* Begin PBXBuildFile section */
		B3038AE717433EF30094E4DA /* MessageUI.framework in Frameworks */ = {isa = PBXBuildFile; fileRef = B3038AE617433EF30094E4DA /* MessageUI.framework */; };
		B30AABD117252570001B52AE /* UIKit.framework in Frameworks */ = {isa = PBXBuildFile; fileRef = B30AABD01725256F001B52AE /* UIKit.framework */; };
		B30AABD317252570001B52AE /* Foundation.framework in Frameworks */ = {isa = PBXBuildFile; fileRef = B30AABD217252570001B52AE /* Foundation.framework */; };
		B30AABD517252570001B52AE /* CoreGraphics.framework in Frameworks */ = {isa = PBXBuildFile; fileRef = B30AABD417252570001B52AE /* CoreGraphics.framework */; };
		B30AABDB17252570001B52AE /* InfoPlist.strings in Resources */ = {isa = PBXBuildFile; fileRef = B30AABD917252570001B52AE /* InfoPlist.strings */; };
		B30AABDD17252570001B52AE /* main.m in Sources */ = {isa = PBXBuildFile; fileRef = B30AABDC17252570001B52AE /* main.m */; };
		B30AABE117252570001B52AE /* qsortCardAppDelegate.m in Sources */ = {isa = PBXBuildFile; fileRef = B30AABE017252570001B52AE /* qsortCardAppDelegate.m */; };
		B30AABE317252570001B52AE /* Default.png in Resources */ = {isa = PBXBuildFile; fileRef = B30AABE217252570001B52AE /* Default.png */; };
		B30AABE517252570001B52AE /* Default@2x.png in Resources */ = {isa = PBXBuildFile; fileRef = B30AABE417252570001B52AE /* Default@2x.png */; };
		B30AABE717252570001B52AE /* Default-568h@2x.png in Resources */ = {isa = PBXBuildFile; fileRef = B30AABE617252570001B52AE /* Default-568h@2x.png */; };
		B30AABEA17252570001B52AE /* MainStoryboard.storyboard in Resources */ = {isa = PBXBuildFile; fileRef = B30AABE817252570001B52AE /* MainStoryboard.storyboard */; };
		B30AABED17252570001B52AE /* qsortCardViewController.m in Sources */ = {isa = PBXBuildFile; fileRef = B30AABEC17252570001B52AE /* qsortCardViewController.m */; };
		B311116D172CF9BB009A98CB /* iCarousel.m in Sources */ = {isa = PBXBuildFile; fileRef = B311116C172CF9BB009A98CB /* iCarousel.m */; };
		B31CEDBE174B58F2004C9843 /* background.png in Resources */ = {isa = PBXBuildFile; fileRef = B31CEDBD174B58F2004C9843 /* background.png */; };
		B31CEDC0174B5CC1004C9843 /* UI.png in Resources */ = {isa = PBXBuildFile; fileRef = B31CEDBF174B5CC1004C9843 /* UI.png */; };
		B31CEDC4174B5F30004C9843 /* UI-02.png in Resources */ = {isa = PBXBuildFile; fileRef = B31CEDC1174B5F30004C9843 /* UI-02.png */; };
		B31CEDC5174B5F30004C9843 /* UI-03.png in Resources */ = {isa = PBXBuildFile; fileRef = B31CEDC2174B5F30004C9843 /* UI-03.png */; };
		B31CEDC6174B5F30004C9843 /* UI-04.png in Resources */ = {isa = PBXBuildFile; fileRef = B31CEDC3174B5F30004C9843 /* UI-04.png */; };
		B32CEE01174B1BBD00164164 /* card.png in Resources */ = {isa = PBXBuildFile; fileRef = B32CEE00174B1BBD00164164 /* card.png */; };
		B3354D78172675660072DB04 /* CardView.m in Sources */ = {isa = PBXBuildFile; fileRef = B3354D77172675660072DB04 /* CardView.m */; };
		B33F9B73174E22450007D76E /* LabelView.m in Sources */ = {isa = PBXBuildFile; fileRef = B33F9B72174E22450007D76E /* LabelView.m */; };
		B3C15DA217476BEC00FA07CE /* chia_black.png in Resources */ = {isa = PBXBuildFile; fileRef = B3C15DA117476BEC00FA07CE /* chia_black.png */; };
		B3C1F09717451BBE008D454F /* OverviewViewController.m in Sources */ = {isa = PBXBuildFile; fileRef = B3C1F09617451BBE008D454F /* OverviewViewController.m */; };
		B3CBB9D01741E7C4002B7CB7 /* Candara.ttf in Resources */ = {isa = PBXBuildFile; fileRef = B3CBB9CF1741E7C4002B7CB7 /* Candara.ttf */; };
		B3D6CED91727EF7F0096E7F2 /* QuartzCore.framework in Frameworks */ = {isa = PBXBuildFile; fileRef = B3D6CED81727EF7F0096E7F2 /* QuartzCore.framework */; };
		B3F1CD0B1733C0FF0013FB27 /* SettingViewController.m in Sources */ = {isa = PBXBuildFile; fileRef = B3F1CD0A1733C0FF0013FB27 /* SettingViewController.m */; };
		B3F1CD0D1733C1290013FB27 /* SettingViewTableCell.xib in Resources */ = {isa = PBXBuildFile; fileRef = B3F1CD0C1733C1290013FB27 /* SettingViewTableCell.xib */; };
		B3F276A11737DC6100B3613C /* SecondQsortViewController.m in Sources */ = {isa = PBXBuildFile; fileRef = B3F276A01737DC6100B3613C /* SecondQsortViewController.m */; };
		B3F42ADA1745FE0D00C915B8 /* mask.png in Resources */ = {isa = PBXBuildFile; fileRef = B3F42AD91745FE0D00C915B8 /* mask.png */; };
		B3F42AE01746190000C915B8 /* thanks.png in Resources */ = {isa = PBXBuildFile; fileRef = B3F42ADF1746190000C915B8 /* thanks.png */; };
		B3FD8A8D17421989008F1689 /* labels_01.png in Resources */ = {isa = PBXBuildFile; fileRef = B3FD8A8A17421989008F1689 /* labels_01.png */; };
		B3FD8A8E17421989008F1689 /* labels_04.png in Resources */ = {isa = PBXBuildFile; fileRef = B3FD8A8B17421989008F1689 /* labels_04.png */; };
		B3FD8A8F17421989008F1689 /* labels_07.png in Resources */ = {isa = PBXBuildFile; fileRef = B3FD8A8C17421989008F1689 /* labels_07.png */; };
/* End PBXBuildFile section */

/* Begin PBXFileReference section */
		B3038AE617433EF30094E4DA /* MessageUI.framework */ = {isa = PBXFileReference; lastKnownFileType = wrapper.framework; name = MessageUI.framework; path = System/Library/Frameworks/MessageUI.framework; sourceTree = SDKROOT; };
		B30AABCD1725256F001B52AE /* qsort card.app */ = {isa = PBXFileReference; explicitFileType = wrapper.application; includeInIndex = 0; path = "qsort card.app"; sourceTree = BUILT_PRODUCTS_DIR; };
		B30AABD01725256F001B52AE /* UIKit.framework */ = {isa = PBXFileReference; lastKnownFileType = wrapper.framework; name = UIKit.framework; path = System/Library/Frameworks/UIKit.framework; sourceTree = SDKROOT; };
		B30AABD217252570001B52AE /* Foundation.framework */ = {isa = PBXFileReference; lastKnownFileType = wrapper.framework; name = Foundation.framework; path = System/Library/Frameworks/Foundation.framework; sourceTree = SDKROOT; };
		B30AABD417252570001B52AE /* CoreGraphics.framework */ = {isa = PBXFileReference; lastKnownFileType = wrapper.framework; name = CoreGraphics.framework; path = System/Library/Frameworks/CoreGraphics.framework; sourceTree = SDKROOT; };
		B30AABD817252570001B52AE /* qsort card-Info.plist */ = {isa = PBXFileReference; lastKnownFileType = text.plist.xml; path = "qsort card-Info.plist"; sourceTree = "<group>"; };
		B30AABDA17252570001B52AE /* en */ = {isa = PBXFileReference; lastKnownFileType = text.plist.strings; name = en; path = en.lproj/InfoPlist.strings; sourceTree = "<group>"; };
		B30AABDC17252570001B52AE /* main.m */ = {isa = PBXFileReference; lastKnownFileType = sourcecode.c.objc; path = main.m; sourceTree = "<group>"; };
		B30AABDE17252570001B52AE /* qsort card-Prefix.pch */ = {isa = PBXFileReference; lastKnownFileType = sourcecode.c.h; path = "qsort card-Prefix.pch"; sourceTree = "<group>"; };
		B30AABDF17252570001B52AE /* qsortCardAppDelegate.h */ = {isa = PBXFileReference; lastKnownFileType = sourcecode.c.h; path = qsortCardAppDelegate.h; sourceTree = "<group>"; };
		B30AABE017252570001B52AE /* qsortCardAppDelegate.m */ = {isa = PBXFileReference; lastKnownFileType = sourcecode.c.objc; path = qsortCardAppDelegate.m; sourceTree = "<group>"; };
		B30AABE217252570001B52AE /* Default.png */ = {isa = PBXFileReference; lastKnownFileType = image.png; path = Default.png; sourceTree = "<group>"; };
		B30AABE417252570001B52AE /* Default@2x.png */ = {isa = PBXFileReference; lastKnownFileType = image.png; path = "Default@2x.png"; sourceTree = "<group>"; };
		B30AABE617252570001B52AE /* Default-568h@2x.png */ = {isa = PBXFileReference; lastKnownFileType = image.png; path = "Default-568h@2x.png"; sourceTree = "<group>"; };
		B30AABE917252570001B52AE /* en */ = {isa = PBXFileReference; lastKnownFileType = file.storyboard; name = en; path = en.lproj/MainStoryboard.storyboard; sourceTree = "<group>"; };
		B30AABEB17252570001B52AE /* qsortCardViewController.h */ = {isa = PBXFileReference; lastKnownFileType = sourcecode.c.h; path = qsortCardViewController.h; sourceTree = "<group>"; };
		B30AABEC17252570001B52AE /* qsortCardViewController.m */ = {isa = PBXFileReference; lastKnownFileType = sourcecode.c.objc; path = qsortCardViewController.m; sourceTree = "<group>"; };
		B311116B172CF9BB009A98CB /* iCarousel.h */ = {isa = PBXFileReference; fileEncoding = 4; lastKnownFileType = sourcecode.c.h; path = iCarousel.h; sourceTree = "<group>"; };
		B311116C172CF9BB009A98CB /* iCarousel.m */ = {isa = PBXFileReference; fileEncoding = 4; lastKnownFileType = sourcecode.c.objc; path = iCarousel.m; sourceTree = "<group>"; };
		B31CEDBD174B58F2004C9843 /* background.png */ = {isa = PBXFileReference; lastKnownFileType = image.png; path = background.png; sourceTree = "<group>"; };
		B31CEDBF174B5CC1004C9843 /* UI.png */ = {isa = PBXFileReference; lastKnownFileType = image.png; path = UI.png; sourceTree = "<group>"; };
		B31CEDC1174B5F30004C9843 /* UI-02.png */ = {isa = PBXFileReference; lastKnownFileType = image.png; path = "UI-02.png"; sourceTree = "<group>"; };
		B31CEDC2174B5F30004C9843 /* UI-03.png */ = {isa = PBXFileReference; lastKnownFileType = image.png; path = "UI-03.png"; sourceTree = "<group>"; };
		B31CEDC3174B5F30004C9843 /* UI-04.png */ = {isa = PBXFileReference; lastKnownFileType = image.png; path = "UI-04.png"; sourceTree = "<group>"; };
		B32CEE00174B1BBD00164164 /* card.png */ = {isa = PBXFileReference; lastKnownFileType = image.png; path = card.png; sourceTree = "<group>"; };
		B3354D76172675660072DB04 /* CardView.h */ = {isa = PBXFileReference; fileEncoding = 4; lastKnownFileType = sourcecode.c.h; path = CardView.h; sourceTree = "<group>"; };
		B3354D77172675660072DB04 /* CardView.m */ = {isa = PBXFileReference; fileEncoding = 4; lastKnownFileType = sourcecode.c.objc; path = CardView.m; sourceTree = "<group>"; };
		B33F9B71174E22450007D76E /* LabelView.h */ = {isa = PBXFileReference; fileEncoding = 4; lastKnownFileType = sourcecode.c.h; path = LabelView.h; sourceTree = "<group>"; };
		B33F9B72174E22450007D76E /* LabelView.m */ = {isa = PBXFileReference; fileEncoding = 4; lastKnownFileType = sourcecode.c.objc; path = LabelView.m; sourceTree = "<group>"; };
		B3C15DA117476BEC00FA07CE /* chia_black.png */ = {isa = PBXFileReference; lastKnownFileType = image.png; path = chia_black.png; sourceTree = "<group>"; };
		B3C1F09517451BBE008D454F /* OverviewViewController.h */ = {isa = PBXFileReference; fileEncoding = 4; lastKnownFileType = sourcecode.c.h; path = OverviewViewController.h; sourceTree = "<group>"; };
		B3C1F09617451BBE008D454F /* OverviewViewController.m */ = {isa = PBXFileReference; fileEncoding = 4; lastKnownFileType = sourcecode.c.objc; path = OverviewViewController.m; sourceTree = "<group>"; };
		B3C7728917292344004AD718 /* Constant.h */ = {isa = PBXFileReference; fileEncoding = 4; lastKnownFileType = sourcecode.c.h; path = Constant.h; sourceTree = "<group>"; };
		B3CBB9CF1741E7C4002B7CB7 /* Candara.ttf */ = {isa = PBXFileReference; lastKnownFileType = file; path = Candara.ttf; sourceTree = "<group>"; };
		B3D6CED81727EF7F0096E7F2 /* QuartzCore.framework */ = {isa = PBXFileReference; lastKnownFileType = wrapper.framework; name = QuartzCore.framework; path = System/Library/Frameworks/QuartzCore.framework; sourceTree = SDKROOT; };
		B3F1CD091733C0FF0013FB27 /* SettingViewController.h */ = {isa = PBXFileReference; fileEncoding = 4; lastKnownFileType = sourcecode.c.h; path = SettingViewController.h; sourceTree = "<group>"; };
		B3F1CD0A1733C0FF0013FB27 /* SettingViewController.m */ = {isa = PBXFileReference; fileEncoding = 4; lastKnownFileType = sourcecode.c.objc; path = SettingViewController.m; sourceTree = "<group>"; };
		B3F1CD0C1733C1290013FB27 /* SettingViewTableCell.xib */ = {isa = PBXFileReference; fileEncoding = 4; lastKnownFileType = file.xib; path = SettingViewTableCell.xib; sourceTree = "<group>"; };
		B3F2769F1737DC6100B3613C /* SecondQsortViewController.h */ = {isa = PBXFileReference; fileEncoding = 4; lastKnownFileType = sourcecode.c.h; path = SecondQsortViewController.h; sourceTree = "<group>"; };
		B3F276A01737DC6100B3613C /* SecondQsortViewController.m */ = {isa = PBXFileReference; fileEncoding = 4; lastKnownFileType = sourcecode.c.objc; path = SecondQsortViewController.m; sourceTree = "<group>"; };
		B3F42AD91745FE0D00C915B8 /* mask.png */ = {isa = PBXFileReference; lastKnownFileType = image.png; path = mask.png; sourceTree = "<group>"; };
		B3F42ADF1746190000C915B8 /* thanks.png */ = {isa = PBXFileReference; lastKnownFileType = image.png; path = thanks.png; sourceTree = "<group>"; };
		B3FD8A8A17421989008F1689 /* labels_01.png */ = {isa = PBXFileReference; lastKnownFileType = image.png; path = labels_01.png; sourceTree = "<group>"; };
		B3FD8A8B17421989008F1689 /* labels_04.png */ = {isa = PBXFileReference; lastKnownFileType = image.png; path = labels_04.png; sourceTree = "<group>"; };
		B3FD8A8C17421989008F1689 /* labels_07.png */ = {isa = PBXFileReference; lastKnownFileType = image.png; path = labels_07.png; sourceTree = "<group>"; };
/* End PBXFileReference section */

/* Begin PBXFrameworksBuildPhase section */
		B30AABCA1725256F001B52AE /* Frameworks */ = {
			isa = PBXFrameworksBuildPhase;
			buildActionMask = 2147483647;
			files = (
				B3038AE717433EF30094E4DA /* MessageUI.framework in Frameworks */,
				B3D6CED91727EF7F0096E7F2 /* QuartzCore.framework in Frameworks */,
				B30AABD117252570001B52AE /* UIKit.framework in Frameworks */,
				B30AABD317252570001B52AE /* Foundation.framework in Frameworks */,
				B30AABD517252570001B52AE /* CoreGraphics.framework in Frameworks */,
			);
			runOnlyForDeploymentPostprocessing = 0;
		};
/* End PBXFrameworksBuildPhase section */

/* Begin PBXGroup section */
		B30AABC41725256F001B52AE = {
			isa = PBXGroup;
			children = (
				B3C7728917292344004AD718 /* Constant.h */,
				B3F1CD081733B2750013FB27 /* Setting View */,
				B311116A172CF9BB009A98CB /* iCarousel */,
				B33B5789172A87D00007B041 /* Images */,
				B3D6CEDD1727F8420096E7F2 /* Elements */,
				B30AABD617252570001B52AE /* qsort card */,
				B30AABCF1725256F001B52AE /* Frameworks */,
				B30AABCE1725256F001B52AE /* Products */,
			);
			sourceTree = "<group>";
		};
		B30AABCE1725256F001B52AE /* Products */ = {
			isa = PBXGroup;
			children = (
				B30AABCD1725256F001B52AE /* qsort card.app */,
			);
			name = Products;
			sourceTree = "<group>";
		};
		B30AABCF1725256F001B52AE /* Frameworks */ = {
			isa = PBXGroup;
			children = (
				B3038AE617433EF30094E4DA /* MessageUI.framework */,
				B3D6CED81727EF7F0096E7F2 /* QuartzCore.framework */,
				B30AABD01725256F001B52AE /* UIKit.framework */,
				B30AABD217252570001B52AE /* Foundation.framework */,
				B30AABD417252570001B52AE /* CoreGraphics.framework */,
			);
			name = Frameworks;
			sourceTree = "<group>";
		};
		B30AABD617252570001B52AE /* qsort card */ = {
			isa = PBXGroup;
			children = (
				B30AABDF17252570001B52AE /* qsortCardAppDelegate.h */,
				B30AABE017252570001B52AE /* qsortCardAppDelegate.m */,
				B30AABE817252570001B52AE /* MainStoryboard.storyboard */,
				B30AABEB17252570001B52AE /* qsortCardViewController.h */,
				B30AABEC17252570001B52AE /* qsortCardViewController.m */,
				B3F2769F1737DC6100B3613C /* SecondQsortViewController.h */,
				B3F276A01737DC6100B3613C /* SecondQsortViewController.m */,
				B3C1F09517451BBE008D454F /* OverviewViewController.h */,
				B3C1F09617451BBE008D454F /* OverviewViewController.m */,
				B30AABD717252570001B52AE /* Supporting Files */,
			);
			path = "qsort card";
			sourceTree = "<group>";
		};
		B30AABD717252570001B52AE /* Supporting Files */ = {
			isa = PBXGroup;
			children = (
				B3CBB9CF1741E7C4002B7CB7 /* Candara.ttf */,
				B30AABD817252570001B52AE /* qsort card-Info.plist */,
				B30AABD917252570001B52AE /* InfoPlist.strings */,
				B30AABDC17252570001B52AE /* main.m */,
				B30AABDE17252570001B52AE /* qsort card-Prefix.pch */,
				B30AABE217252570001B52AE /* Default.png */,
				B30AABE417252570001B52AE /* Default@2x.png */,
				B30AABE617252570001B52AE /* Default-568h@2x.png */,
			);
			name = "Supporting Files";
			sourceTree = "<group>";
		};
		B311116A172CF9BB009A98CB /* iCarousel */ = {
			isa = PBXGroup;
			children = (
				B311116B172CF9BB009A98CB /* iCarousel.h */,
				B311116C172CF9BB009A98CB /* iCarousel.m */,
			);
			path = iCarousel;
			sourceTree = "<group>";
		};
		B33B5789172A87D00007B041 /* Images */ = {
			isa = PBXGroup;
			children = (
				B3C15DA117476BEC00FA07CE /* chia_black.png */,
				B32CEE00174B1BBD00164164 /* card.png */,
				B3F42ADF1746190000C915B8 /* thanks.png */,
				B3F42AD91745FE0D00C915B8 /* mask.png */,
				B31CEDBD174B58F2004C9843 /* background.png */,
				B3FD8A8A17421989008F1689 /* labels_01.png */,
				B3FD8A8B17421989008F1689 /* labels_04.png */,
				B31CEDC1174B5F30004C9843 /* UI-02.png */,
				B31CEDC2174B5F30004C9843 /* UI-03.png */,
				B31CEDC3174B5F30004C9843 /* UI-04.png */,
				B31CEDBF174B5CC1004C9843 /* UI.png */,
				B3FD8A8C17421989008F1689 /* labels_07.png */,
			);
			name = Images;
			sourceTree = "<group>";
		};
		B3D6CEDD1727F8420096E7F2 /* Elements */ = {
			isa = PBXGroup;
			children = (
				B3354D76172675660072DB04 /* CardView.h */,
				B3354D77172675660072DB04 /* CardView.m */,
				B33F9B71174E22450007D76E /* LabelView.h */,
				B33F9B72174E22450007D76E /* LabelView.m */,
			);
			name = Elements;
			sourceTree = "<group>";
		};
		B3F1CD081733B2750013FB27 /* Setting View */ = {
			isa = PBXGroup;
			children = (
				B3F1CD091733C0FF0013FB27 /* SettingViewController.h */,
				B3F1CD0A1733C0FF0013FB27 /* SettingViewController.m */,
				B3F1CD0C1733C1290013FB27 /* SettingViewTableCell.xib */,
			);
			name = "Setting View";
			sourceTree = "<group>";
		};
/* End PBXGroup section */

/* Begin PBXNativeTarget section */
		B30AABCC1725256F001B52AE /* qsort card */ = {
			isa = PBXNativeTarget;
			buildConfigurationList = B30AABF017252570001B52AE /* Build configuration list for PBXNativeTarget "qsort card" */;
			buildPhases = (
				B30AABC91725256F001B52AE /* Sources */,
				B30AABCA1725256F001B52AE /* Frameworks */,
				B30AABCB1725256F001B52AE /* Resources */,
			);
			buildRules = (
			);
			dependencies = (
			);
			name = "qsort card";
			productName = "qsort card";
			productReference = B30AABCD1725256F001B52AE /* qsort card.app */;
			productType = "com.apple.product-type.application";
		};
/* End PBXNativeTarget section */

/* Begin PBXProject section */
		B30AABC51725256F001B52AE /* Project object */ = {
			isa = PBXProject;
			attributes = {
				CLASSPREFIX = qsortCard;
				LastUpgradeCheck = 0460;
				ORGANIZATIONNAME = "Chia Lin";
			};
			buildConfigurationList = B30AABC81725256F001B52AE /* Build configuration list for PBXProject "qsort card" */;
			compatibilityVersion = "Xcode 3.2";
			developmentRegion = English;
			hasScannedForEncodings = 0;
			knownRegions = (
				en,
			);
			mainGroup = B30AABC41725256F001B52AE;
			productRefGroup = B30AABCE1725256F001B52AE /* Products */;
			projectDirPath = "";
			projectRoot = "";
			targets = (
				B30AABCC1725256F001B52AE /* qsort card */,
			);
		};
/* End PBXProject section */

/* Begin PBXResourcesBuildPhase section */
		B30AABCB1725256F001B52AE /* Resources */ = {
			isa = PBXResourcesBuildPhase;
			buildActionMask = 2147483647;
			files = (
				B30AABDB17252570001B52AE /* InfoPlist.strings in Resources */,
				B30AABE317252570001B52AE /* Default.png in Resources */,
				B30AABE517252570001B52AE /* Default@2x.png in Resources */,
				B30AABE717252570001B52AE /* Default-568h@2x.png in Resources */,
				B30AABEA17252570001B52AE /* MainStoryboard.storyboard in Resources */,
				B3F1CD0D1733C1290013FB27 /* SettingViewTableCell.xib in Resources */,
				B3CBB9D01741E7C4002B7CB7 /* Candara.ttf in Resources */,
				B3FD8A8D17421989008F1689 /* labels_01.png in Resources */,
				B3FD8A8E17421989008F1689 /* labels_04.png in Resources */,
				B3FD8A8F17421989008F1689 /* labels_07.png in Resources */,
				B3F42ADA1745FE0D00C915B8 /* mask.png in Resources */,
				B3F42AE01746190000C915B8 /* thanks.png in Resources */,
				B3C15DA217476BEC00FA07CE /* chia_black.png in Resources */,
				B32CEE01174B1BBD00164164 /* card.png in Resources */,
				B31CEDBE174B58F2004C9843 /* background.png in Resources */,
				B31CEDC0174B5CC1004C9843 /* UI.png in Resources */,
				B31CEDC4174B5F30004C9843 /* UI-02.png in Resources */,
				B31CEDC5174B5F30004C9843 /* UI-03.png in Resources */,
				B31CEDC6174B5F30004C9843 /* UI-04.png in Resources */,
			);
			runOnlyForDeploymentPostprocessing = 0;
		};
/* End PBXResourcesBuildPhase section */

/* Begin PBXSourcesBuildPhase section */
		B30AABC91725256F001B52AE /* Sources */ = {
			isa = PBXSourcesBuildPhase;
			buildActionMask = 2147483647;
			files = (
				B30AABDD17252570001B52AE /* main.m in Sources */,
				B30AABE117252570001B52AE /* qsortCardAppDelegate.m in Sources */,
				B30AABED17252570001B52AE /* qsortCardViewController.m in Sources */,
				B3354D78172675660072DB04 /* CardView.m in Sources */,
				B311116D172CF9BB009A98CB /* iCarousel.m in Sources */,
				B3F1CD0B1733C0FF0013FB27 /* SettingViewController.m in Sources */,
				B3F276A11737DC6100B3613C /* SecondQsortViewController.m in Sources */,
				B3C1F09717451BBE008D454F /* OverviewViewController.m in Sources */,
				B33F9B73174E22450007D76E /* LabelView.m in Sources */,
			);
			runOnlyForDeploymentPostprocessing = 0;
		};
/* End PBXSourcesBuildPhase section */

/* Begin PBXVariantGroup section */
		B30AABD917252570001B52AE /* InfoPlist.strings */ = {
			isa = PBXVariantGroup;
			children = (
				B30AABDA17252570001B52AE /* en */,
			);
			name = InfoPlist.strings;
			sourceTree = "<group>";
		};
		B30AABE817252570001B52AE /* MainStoryboard.storyboard */ = {
			isa = PBXVariantGroup;
			children = (
				B30AABE917252570001B52AE /* en */,
			);
			name = MainStoryboard.storyboard;
			sourceTree = "<group>";
		};
/* End PBXVariantGroup section */

/* Begin XCBuildConfiguration section */
		B30AABEE17252570001B52AE /* Debug */ = {
			isa = XCBuildConfiguration;
			buildSettings = {
				ALWAYS_SEARCH_USER_PATHS = NO;
				CLANG_CXX_LANGUAGE_STANDARD = "gnu++0x";
				CLANG_CXX_LIBRARY = "libc++";
				CLANG_ENABLE_OBJC_ARC = YES;
				CLANG_WARN_CONSTANT_CONVERSION = YES;
				CLANG_WARN_EMPTY_BODY = YES;
				CLANG_WARN_ENUM_CONVERSION = YES;
				CLANG_WARN_INT_CONVERSION = YES;
				CLANG_WARN__DUPLICATE_METHOD_MATCH = YES;
				"CODE_SIGN_IDENTITY[sdk=iphoneos*]" = "iPhone Developer";
				COPY_PHASE_STRIP = NO;
				GCC_C_LANGUAGE_STANDARD = gnu99;
				GCC_DYNAMIC_NO_PIC = NO;
				GCC_OPTIMIZATION_LEVEL = 0;
				GCC_PREPROCESSOR_DEFINITIONS = (
					"DEBUG=1",
					"$(inherited)",
				);
				GCC_SYMBOLS_PRIVATE_EXTERN = NO;
				GCC_WARN_ABOUT_RETURN_TYPE = YES;
				GCC_WARN_UNINITIALIZED_AUTOS = YES;
				GCC_WARN_UNUSED_VARIABLE = YES;
				IPHONEOS_DEPLOYMENT_TARGET = 6.1;
				ONLY_ACTIVE_ARCH = YES;
				SDKROOT = iphoneos;
				TARGETED_DEVICE_FAMILY = 2;
			};
			name = Debug;
		};
		B30AABEF17252570001B52AE /* Release */ = {
			isa = XCBuildConfiguration;
			buildSettings = {
				ALWAYS_SEARCH_USER_PATHS = NO;
				CLANG_CXX_LANGUAGE_STANDARD = "gnu++0x";
				CLANG_CXX_LIBRARY = "libc++";
				CLANG_ENABLE_OBJC_ARC = YES;
				CLANG_WARN_CONSTANT_CONVERSION = YES;
				CLANG_WARN_EMPTY_BODY = YES;
				CLANG_WARN_ENUM_CONVERSION = YES;
				CLANG_WARN_INT_CONVERSION = YES;
				CLANG_WARN__DUPLICATE_METHOD_MATCH = YES;
				"CODE_SIGN_IDENTITY[sdk=iphoneos*]" = "iPhone Developer";
				COPY_PHASE_STRIP = YES;
				GCC_C_LANGUAGE_STANDARD = gnu99;
				GCC_WARN_ABOUT_RETURN_TYPE = YES;
				GCC_WARN_UNINITIALIZED_AUTOS = YES;
				GCC_WARN_UNUSED_VARIABLE = YES;
				IPHONEOS_DEPLOYMENT_TARGET = 6.1;
				OTHER_CFLAGS = "-DNS_BLOCK_ASSERTIONS=1";
				SDKROOT = iphoneos;
				TARGETED_DEVICE_FAMILY = 2;
				VALIDATE_PRODUCT = YES;
			};
			name = Release;
		};
		B30AABF117252570001B52AE /* Debug */ = {
			isa = XCBuildConfiguration;
			buildSettings = {
				GCC_PRECOMPILE_PREFIX_HEADER = YES;
				GCC_PREFIX_HEADER = "qsort card/qsort card-Prefix.pch";
				INFOPLIST_FILE = "qsort card/qsort card-Info.plist";
				IPHONEOS_DEPLOYMENT_TARGET = 6.1;
				PRODUCT_NAME = "$(TARGET_NAME)";
				TARGETED_DEVICE_FAMILY = 2;
				WRAPPER_EXTENSION = app;
			};
			name = Debug;
		};
		B30AABF217252570001B52AE /* Release */ = {
			isa = XCBuildConfiguration;
			buildSettings = {
				GCC_PRECOMPILE_PREFIX_HEADER = YES;
				GCC_PREFIX_HEADER = "qsort card/qsort card-Prefix.pch";
				INFOPLIST_FILE = "qsort card/qsort card-Info.plist";
				IPHONEOS_DEPLOYMENT_TARGET = 6.1;
				PRODUCT_NAME = "$(TARGET_NAME)";
				TARGETED_DEVICE_FAMILY = 2;
				WRAPPER_EXTENSION = app;
			};
			name = Release;
		};
/* End XCBuildConfiguration section */

/* Begin XCConfigurationList section */
		B30AABC81725256F001B52AE /* Build configuration list for PBXProject "qsort card" */ = {
			isa = XCConfigurationList;
			buildConfigurations = (
				B30AABEE17252570001B52AE /* Debug */,
				B30AABEF17252570001B52AE /* Release */,
			);
			defaultConfigurationIsVisible = 0;
			defaultConfigurationName = Release;
		};
		B30AABF017252570001B52AE /* Build configuration list for PBXNativeTarget "qsort card" */ = {
			isa = XCConfigurationList;
			buildConfigurations = (
				B30AABF117252570001B52AE /* Debug */,
				B30AABF217252570001B52AE /* Release */,
			);
			defaultConfigurationIsVisible = 0;
			defaultConfigurationName = Release;
		};
/* End XCConfigurationList section */
	};
	rootObject = B30AABC51725256F001B52AE /* Project object */;
}
